
Microsoft Visual Studio Solution File, Format Version 12.00
# Visual Studio 15
VisualStudioVersion = 15.0.28010.2026
MinimumVisualStudioVersion = 10.0.40219.1
Project("{FAE04EC0-301F-11D3-BF4B-00C04F79EFBC}") = "ServiceOHR", "ServiceOHR\ServiceOHR.csproj", "{301B5162-8D3E-4472-81AB-B8BDB3511D2F}"
EndProject
Project("{9A19103F-16F7-4668-BE54-9A1E7A4F7556}") = "ServiceHR.Employees", "ServiceHR.Employees\ServiceHR.Employees.csproj", "{9940E78D-B455-4099-A18F-F3B47B2AE5F7}"
EndProject
Global
	GlobalSection(SolutionConfigurationPlatforms) = preSolution
		Debug|Any CPU = Debug|Any CPU
		Release|Any CPU = Release|Any CPU
	EndGlobalSection
	GlobalSection(ProjectConfigurationPlatforms) = postSolution
		{301B5162-8D3E-4472-81AB-B8BDB3511D2F}.Debug|Any CPU.ActiveCfg = Debug|Any CPU
		{301B5162-8D3E-4472-81AB-B8BDB3511D2F}.Debug|Any CPU.Build.0 = Debug|Any CPU
		{301B5162-8D3E-4472-81AB-B8BDB3511D2F}.Release|Any CPU.ActiveCfg = Release|Any CPU
		{301B5162-8D3E-4472-81AB-B8BDB3511D2F}.Release|Any CPU.Build.0 = Release|Any CPU
		{9940E78D-B455-4099-A18F-F3B47B2AE5F7}.Debug|Any CPU.ActiveCfg = Debug|Any CPU
		{9940E78D-B455-4099-A18F-F3B47B2AE5F7}.Debug|Any CPU.Build.0 = Debug|Any CPU
		{9940E78D-B455-4099-A18F-F3B47B2AE5F7}.Release|Any CPU.ActiveCfg = Release|Any CPU
		{9940E78D-B455-4099-A18F-F3B47B2AE5F7}.Release|Any CPU.Build.0 = Release|Any CPU
	EndGlobalSection
	GlobalSection(SolutionProperties) = preSolution
		HideSolutionNode = FALSE
	EndGlobalSection
	GlobalSection(ExtensibilityGlobals) = postSolution
		SolutionGuid = {4BDE6D05-410C-4D48-B88A-C89A895F44FB}
	EndGlobalSection
EndGlobal
